// !$*UTF8*$!
{
	archiveVersion = 1;
	classes = {
	};
	objectVersion = 56;
	objects = {

/* Begin PBXBuildFile section */
		04FC2FCE2C810B3F005913F4 /* FinalProjectApp.swift in Sources */ = {isa = PBXBuildFile; fileRef = 04FC2FCD2C810B3F005913F4 /* FinalProjectApp.swift */; };
		04FC2FD02C810B3F005913F4 /* ContentView.swift in Sources */ = {isa = PBXBuildFile; fileRef = 04FC2FCF2C810B3F005913F4 /* ContentView.swift */; };
		04FC2FD22C810B40005913F4 /* Assets.xcassets in Resources */ = {isa = PBXBuildFile; fileRef = 04FC2FD12C810B40005913F4 /* Assets.xcassets */; };
		04FC2FD52C810B40005913F4 /* Preview Assets.xcassets in Resources */ = {isa = PBXBuildFile; fileRef = 04FC2FD42C810B40005913F4 /* Preview Assets.xcassets */; };
		04FC2FE02C810B40005913F4 /* FinalProjectTests.swift in Sources */ = {isa = PBXBuildFile; fileRef = 04FC2FDF2C810B40005913F4 /* FinalProjectTests.swift */; };
		04FC2FEA2C810B40005913F4 /* FinalProjectUITests.swift in Sources */ = {isa = PBXBuildFile; fileRef = 04FC2FE92C810B40005913F4 /* FinalProjectUITests.swift */; };
		04FC2FEC2C810B40005913F4 /* FinalProjectUITestsLaunchTests.swift in Sources */ = {isa = PBXBuildFile; fileRef = 04FC2FEB2C810B40005913F4 /* FinalProjectUITestsLaunchTests.swift */; };
		04FC2FF92C810B4F005913F4 /* Gilroy.ttf in Resources */ = {isa = PBXBuildFile; fileRef = 04FC2FF82C810B4F005913F4 /* Gilroy.ttf */; };
		04FC2FFA2C810B4F005913F4 /* Gilroy.ttf in Resources */ = {isa = PBXBuildFile; fileRef = 04FC2FF82C810B4F005913F4 /* Gilroy.ttf */; };
		04FC2FFB2C810B4F005913F4 /* Gilroy.ttf in Resources */ = {isa = PBXBuildFile; fileRef = 04FC2FF82C810B4F005913F4 /* Gilroy.ttf */; };
		04FC2FFE2C810F67005913F4 /* AnimatedTextView.swift in Sources */ = {isa = PBXBuildFile; fileRef = 04FC2FFD2C810F67005913F4 /* AnimatedTextView.swift */; };
		04FC30002C810F85005913F4 /* saveFrame.swift in Sources */ = {isa = PBXBuildFile; fileRef = 04FC2FFF2C810F85005913F4 /* saveFrame.swift */; };
		04FC30022C810F9F005913F4 /* CreateGif.swift in Sources */ = {isa = PBXBuildFile; fileRef = 04FC30012C810F9F005913F4 /* CreateGif.swift */; };
/* End PBXBuildFile section */

/* Begin PBXContainerItemProxy section */
		04FC2FDC2C810B40005913F4 /* PBXContainerItemProxy */ = {
			isa = PBXContainerItemProxy;
			containerPortal = 04FC2FC22C810B3F005913F4 /* Project object */;
			proxyType = 1;
			remoteGlobalIDString = 04FC2FC92C810B3F005913F4;
			remoteInfo = FinalProject;
		};
		04FC2FE62C810B40005913F4 /* PBXContainerItemProxy */ = {
			isa = PBXContainerItemProxy;
			containerPortal = 04FC2FC22C810B3F005913F4 /* Project object */;
			proxyType = 1;
			remoteGlobalIDString = 04FC2FC92C810B3F005913F4;
			remoteInfo = FinalProject;
		};
/* End PBXContainerItemProxy section */

/* Begin PBXFileReference section */
		04FC2FCA2C810B3F005913F4 /* FinalProject.app */ = {isa = PBXFileReference; explicitFileType = wrapper.application; includeInIndex = 0; path = FinalProject.app; sourceTree = BUILT_PRODUCTS_DIR; };
		04FC2FCD2C810B3F005913F4 /* FinalProjectApp.swift */ = {isa = PBXFileReference; lastKnownFileType = sourcecode.swift; path = FinalProjectApp.swift; sourceTree = "<group>"; };
		04FC2FCF2C810B3F005913F4 /* ContentView.swift */ = {isa = PBXFileReference; lastKnownFileType = sourcecode.swift; path = ContentView.swift; sourceTree = "<group>"; };
		04FC2FD12C810B40005913F4 /* Assets.xcassets */ = {isa = PBXFileReference; lastKnownFileType = folder.assetcatalog; path = Assets.xcassets; sourceTree = "<group>"; };
		04FC2FD42C810B40005913F4 /* Preview Assets.xcassets */ = {isa = PBXFileReference; lastKnownFileType = folder.assetcatalog; path = "Preview Assets.xcassets"; sourceTree = "<group>"; };
		04FC2FD62C810B40005913F4 /* FinalProject.entitlements */ = {isa = PBXFileReference; lastKnownFileType = text.plist.entitlements; path = FinalProject.entitlements; sourceTree = "<group>"; };
		04FC2FDB2C810B40005913F4 /* FinalProjectTests.xctest */ = {isa = PBXFileReference; explicitFileType = wrapper.cfbundle; includeInIndex = 0; path = FinalProjectTests.xctest; sourceTree = BUILT_PRODUCTS_DIR; };
		04FC2FDF2C810B40005913F4 /* FinalProjectTests.swift */ = {isa = PBXFileReference; lastKnownFileType = sourcecode.swift; path = FinalProjectTests.swift; sourceTree = "<group>"; };
		04FC2FE52C810B40005913F4 /* FinalProjectUITests.xctest */ = {isa = PBXFileReference; explicitFileType = wrapper.cfbundle; includeInIndex = 0; path = FinalProjectUITests.xctest; sourceTree = BUILT_PRODUCTS_DIR; };
		04FC2FE92C810B40005913F4 /* FinalProjectUITests.swift */ = {isa = PBXFileReference; lastKnownFileType = sourcecode.swift; path = FinalProjectUITests.swift; sourceTree = "<group>"; };
		04FC2FEB2C810B40005913F4 /* FinalProjectUITestsLaunchTests.swift */ = {isa = PBXFileReference; lastKnownFileType = sourcecode.swift; path = FinalProjectUITestsLaunchTests.swift; sourceTree = "<group>"; };
		04FC2FF82C810B4F005913F4 /* Gilroy.ttf */ = {isa = PBXFileReference; lastKnownFileType = file; name = Gilroy.ttf; path = ../../../../Users/mac/Downloads/Gilroy.ttf; sourceTree = "<group>"; };
		04FC2FFC2C810B5A005913F4 /* Info.plist */ = {isa = PBXFileReference; lastKnownFileType = text.plist; path = Info.plist; sourceTree = "<group>"; };
		04FC2FFD2C810F67005913F4 /* AnimatedTextView.swift */ = {isa = PBXFileReference; lastKnownFileType = sourcecode.swift; path = AnimatedTextView.swift; sourceTree = "<group>"; };
		04FC2FFF2C810F85005913F4 /* saveFrame.swift */ = {isa = PBXFileReference; lastKnownFileType = sourcecode.swift; path = saveFrame.swift; sourceTree = "<group>"; };
		04FC30012C810F9F005913F4 /* CreateGif.swift */ = {isa = PBXFileReference; lastKnownFileType = sourcecode.swift; path = CreateGif.swift; sourceTree = "<group>"; };
/* End PBXFileReference section */

/* Begin PBXFrameworksBuildPhase section */
		04FC2FC72C810B3F005913F4 /* Frameworks */ = {
			isa = PBXFrameworksBuildPhase;
			buildActionMask = 2147483647;
			files = (
			);
			runOnlyForDeploymentPostprocessing = 0;
		};
		04FC2FD82C810B40005913F4 /* Frameworks */ = {
			isa = PBXFrameworksBuildPhase;
			buildActionMask = 2147483647;
			files = (
			);
			runOnlyForDeploymentPostprocessing = 0;
		};
		04FC2FE22C810B40005913F4 /* Frameworks */ = {
			isa = PBXFrameworksBuildPhase;
			buildActionMask = 2147483647;
			files = (
			);
			runOnlyForDeploymentPostprocessing = 0;
		};
/* End PBXFrameworksBuildPhase section */

/* Begin PBXGroup section */
		04FC2FC12C810B3F005913F4 = {
			isa = PBXGroup;
			children = (
				04FC2FCC2C810B3F005913F4 /* FinalProject */,
				04FC2FDE2C810B40005913F4 /* FinalProjectTests */,
				04FC2FE82C810B40005913F4 /* FinalProjectUITests */,
				04FC2FCB2C810B3F005913F4 /* Products */,
			);
			sourceTree = "<group>";
		};
		04FC2FCB2C810B3F005913F4 /* Products */ = {
			isa = PBXGroup;
			children = (
				04FC2FCA2C810B3F005913F4 /* FinalProject.app */,
				04FC2FDB2C810B40005913F4 /* FinalProjectTests.xctest */,
				04FC2FE52C810B40005913F4 /* FinalProjectUITests.xctest */,
			);
			name = Products;
			sourceTree = "<group>";
		};
		04FC2FCC2C810B3F005913F4 /* FinalProject */ = {
			isa = PBXGroup;
			children = (
				04FC30012C810F9F005913F4 /* CreateGif.swift */,
				04FC2FFC2C810B5A005913F4 /* Info.plist */,
				04FC2FF82C810B4F005913F4 /* Gilroy.ttf */,
				04FC2FCD2C810B3F005913F4 /* FinalProjectApp.swift */,
				04FC2FCF2C810B3F005913F4 /* ContentView.swift */,
				04FC2FD12C810B40005913F4 /* Assets.xcassets */,
				04FC2FD62C810B40005913F4 /* FinalProject.entitlements */,
				04FC2FD32C810B40005913F4 /* Preview Content */,
				04FC2FFD2C810F67005913F4 /* AnimatedTextView.swift */,
				04FC2FFF2C810F85005913F4 /* saveFrame.swift */,
			);
			path = FinalProject;
			sourceTree = "<group>";
		};
		04FC2FD32C810B40005913F4 /* Preview Content */ = {
			isa = PBXGroup;
			children = (
				04FC2FD42C810B40005913F4 /* Preview Assets.xcassets */,
			);
			path = "Preview Content";
			sourceTree = "<group>";
		};
		04FC2FDE2C810B40005913F4 /* FinalProjectTests */ = {
			isa = PBXGroup;
			children = (
				04FC2FDF2C810B40005913F4 /* FinalProjectTests.swift */,
			);
			path = FinalProjectTests;
			sourceTree = "<group>";
		};
		04FC2FE82C810B40005913F4 /* FinalProjectUITests */ = {
			isa = PBXGroup;
			children = (
				04FC2FE92C810B40005913F4 /* FinalProjectUITests.swift */,
				04FC2FEB2C810B40005913F4 /* FinalProjectUITestsLaunchTests.swift */,
			);
			path = FinalProjectUITests;
			sourceTree = "<group>";
		};
/* End PBXGroup section */

/* Begin PBXNativeTarget section */
		04FC2FC92C810B3F005913F4 /* FinalProject */ = {
			isa = PBXNativeTarget;
			buildConfigurationList = 04FC2FEF2C810B40005913F4 /* Build configuration list for PBXNativeTarget "FinalProject" */;
			buildPhases = (
				04FC2FC62C810B3F005913F4 /* Sources */,
				04FC2FC72C810B3F005913F4 /* Frameworks */,
				04FC2FC82C810B3F005913F4 /* Resources */,
			);
			buildRules = (
			);
			dependencies = (
			);
			name = FinalProject;
			productName = FinalProject;
			productReference = 04FC2FCA2C810B3F005913F4 /* FinalProject.app */;
			productType = "com.apple.product-type.application";
		};
		04FC2FDA2C810B40005913F4 /* FinalProjectTests */ = {
			isa = PBXNativeTarget;
			buildConfigurationList = 04FC2FF22C810B40005913F4 /* Build configuration list for PBXNativeTarget "FinalProjectTests" */;
			buildPhases = (
				04FC2FD72C810B40005913F4 /* Sources */,
				04FC2FD82C810B40005913F4 /* Frameworks */,
				04FC2FD92C810B40005913F4 /* Resources */,
			);
			buildRules = (
			);
			dependencies = (
				04FC2FDD2C810B40005913F4 /* PBXTargetDependency */,
			);
			name = FinalProjectTests;
			productName = FinalProjectTests;
			productReference = 04FC2FDB2C810B40005913F4 /* FinalProjectTests.xctest */;
			productType = "com.apple.product-type.bundle.unit-test";
		};
		04FC2FE42C810B40005913F4 /* FinalProjectUITests */ = {
			isa = PBXNativeTarget;
			buildConfigurationList = 04FC2FF52C810B40005913F4 /* Build configuration list for PBXNativeTarget "FinalProjectUITests" */;
			buildPhases = (
				04FC2FE12C810B40005913F4 /* Sources */,
				04FC2FE22C810B40005913F4 /* Frameworks */,
				04FC2FE32C810B40005913F4 /* Resources */,
			);
			buildRules = (
			);
			dependencies = (
				04FC2FE72C810B40005913F4 /* PBXTargetDependency */,
			);
			name = FinalProjectUITests;
			productName = FinalProjectUITests;
			productReference = 04FC2FE52C810B40005913F4 /* FinalProjectUITests.xctest */;
			productType = "com.apple.product-type.bundle.ui-testing";
		};
/* End PBXNativeTarget section */

/* Begin PBXProject section */
		04FC2FC22C810B3F005913F4 /* Project object */ = {
			isa = PBXProject;
			attributes = {
				BuildIndependentTargetsInParallel = 1;
				LastSwiftUpdateCheck = 1500;
				LastUpgradeCheck = 1500;
				TargetAttributes = {
					04FC2FC92C810B3F005913F4 = {
						CreatedOnToolsVersion = 15.0;
					};
					04FC2FDA2C810B40005913F4 = {
						CreatedOnToolsVersion = 15.0;
						TestTargetID = 04FC2FC92C810B3F005913F4;
					};
					04FC2FE42C810B40005913F4 = {
						CreatedOnToolsVersion = 15.0;
						TestTargetID = 04FC2FC92C810B3F005913F4;
					};
				};
			};
			buildConfigurationList = 04FC2FC52C810B3F005913F4 /* Build configuration list for PBXProject "FinalProject" */;
			compatibilityVersion = "Xcode 14.0";
			developmentRegion = en;
			hasScannedForEncodings = 0;
			knownRegions = (
				en,
				Base,
			);
			mainGroup = 04FC2FC12C810B3F005913F4;
			productRefGroup = 04FC2FCB2C810B3F005913F4 /* Products */;
			projectDirPath = "";
			projectRoot = "";
			targets = (
				04FC2FC92C810B3F005913F4 /* FinalProject */,
				04FC2FDA2C810B40005913F4 /* FinalProjectTests */,
				04FC2FE42C810B40005913F4 /* FinalProjectUITests */,
			);
		};
/* End PBXProject section */

/* Begin PBXResourcesBuildPhase section */
		04FC2FC82C810B3F005913F4 /* Resources */ = {
			isa = PBXResourcesBuildPhase;
			buildActionMask = 2147483647;
			files = (
				04FC2FD52C810B40005913F4 /* Preview Assets.xcassets in Resources */,
				04FC2FD22C810B40005913F4 /* Assets.xcassets in Resources */,
				04FC2FF92C810B4F005913F4 /* Gilroy.ttf in Resources */,
			);
			runOnlyForDeploymentPostprocessing = 0;
		};
		04FC2FD92C810B40005913F4 /* Resources */ = {
			isa = PBXResourcesBuildPhase;
			buildActionMask = 2147483647;
			files = (
				04FC2FFA2C810B4F005913F4 /* Gilroy.ttf in Resources */,
			);
			runOnlyForDeploymentPostprocessing = 0;
		};
		04FC2FE32C810B40005913F4 /* Resources */ = {
			isa = PBXResourcesBuildPhase;
			buildActionMask = 2147483647;
			files = (
				04FC2FFB2C810B4F005913F4 /* Gilroy.ttf in Resources */,
			);
			runOnlyForDeploymentPostprocessing = 0;
		};
/* End PBXResourcesBuildPhase section */

/* Begin PBXSourcesBuildPhase section */
		04FC2FC62C810B3F005913F4 /* Sources */ = {
			isa = PBXSourcesBuildPhase;
			buildActionMask = 2147483647;
			files = (
				04FC30002C810F85005913F4 /* saveFrame.swift in Sources */,
				04FC2FD02C810B3F005913F4 /* ContentView.swift in Sources */,
				04FC2FCE2C810B3F005913F4 /* FinalProjectApp.swift in Sources */,
				04FC30022C810F9F005913F4 /* CreateGif.swift in Sources */,
				04FC2FFE2C810F67005913F4 /* AnimatedTextView.swift in Sources */,
			);
			runOnlyForDeploymentPostprocessing = 0;
		};
		04FC2FD72C810B40005913F4 /* Sources */ = {
			isa = PBXSourcesBuildPhase;
			buildActionMask = 2147483647;
			files = (
				04FC2FE02C810B40005913F4 /* FinalProjectTests.swift in Sources */,
			);
			runOnlyForDeploymentPostprocessing = 0;
		};
		04FC2FE12C810B40005913F4 /* Sources */ = {
			isa = PBXSourcesBuildPhase;
			buildActionMask = 2147483647;
			files = (
				04FC2FEA2C810B40005913F4 /* FinalProjectUITests.swift in Sources */,
				04FC2FEC2C810B40005913F4 /* FinalProjectUITestsLaunchTests.swift in Sources */,
			);
			runOnlyForDeploymentPostprocessing = 0;
		};
/* End PBXSourcesBuildPhase section */

/* Begin PBXTargetDependency section */
		04FC2FDD2C810B40005913F4 /* PBXTargetDependency */ = {
			isa = PBXTargetDependency;
			target = 04FC2FC92C810B3F005913F4 /* FinalProject */;
			targetProxy = 04FC2FDC2C810B40005913F4 /* PBXContainerItemProxy */;
		};
		04FC2FE72C810B40005913F4 /* PBXTargetDependency */ = {
			isa = PBXTargetDependency;
			target = 04FC2FC92C810B3F005913F4 /* FinalProject */;
			targetProxy = 04FC2FE62C810B40005913F4 /* PBXContainerItemProxy */;
		};
/* End PBXTargetDependency section */

/* Begin XCBuildConfiguration section */
		04FC2FED2C810B40005913F4 /* Debug */ = {
			isa = XCBuildConfiguration;
			buildSettings = {
				ALWAYS_SEARCH_USER_PATHS = NO;
				ASSETCATALOG_COMPILER_GENERATE_SWIFT_ASSET_SYMBOL_EXTENSIONS = YES;
				CLANG_ANALYZER_NONNULL = YES;
				CLANG_ANALYZER_NUMBER_OBJECT_CONVERSION = YES_AGGRESSIVE;
				CLANG_CXX_LANGUAGE_STANDARD = "gnu++20";
				CLANG_ENABLE_MODULES = YES;
				CLANG_ENABLE_OBJC_ARC = YES;
				CLANG_ENABLE_OBJC_WEAK = YES;
				CLANG_WARN_BLOCK_CAPTURE_AUTORELEASING = YES;
				CLANG_WARN_BOOL_CONVERSION = YES;
				CLANG_WARN_COMMA = YES;
				CLANG_WARN_CONSTANT_CONVERSION = YES;
				CLANG_WARN_DEPRECATED_OBJC_IMPLEMENTATIONS = YES;
				CLANG_WARN_DIRECT_OBJC_ISA_USAGE = YES_ERROR;
				CLANG_WARN_DOCUMENTATION_COMMENTS = YES;
				CLANG_WARN_EMPTY_BODY = YES;
				CLANG_WARN_ENUM_CONVERSION = YES;
				CLANG_WARN_INFINITE_RECURSION = YES;
				CLANG_WARN_INT_CONVERSION = YES;
				CLANG_WARN_NON_LITERAL_NULL_CONVERSION = YES;
				CLANG_WARN_OBJC_IMPLICIT_RETAIN_SELF = YES;
				CLANG_WARN_OBJC_LITERAL_CONVERSION = YES;
				CLANG_WARN_OBJC_ROOT_CLASS = YES_ERROR;
				CLANG_WARN_QUOTED_INCLUDE_IN_FRAMEWORK_HEADER = YES;
				CLANG_WARN_RANGE_LOOP_ANALYSIS = YES;
				CLANG_WARN_STRICT_PROTOTYPES = YES;
				CLANG_WARN_SUSPICIOUS_MOVE = YES;
				CLANG_WARN_UNGUARDED_AVAILABILITY = YES_AGGRESSIVE;
				CLANG_WARN_UNREACHABLE_CODE = YES;
				CLANG_WARN__DUPLICATE_METHOD_MATCH = YES;
				COPY_PHASE_STRIP = NO;
				DEBUG_INFORMATION_FORMAT = dwarf;
				ENABLE_STRICT_OBJC_MSGSEND = YES;
				ENABLE_TESTABILITY = YES;
				ENABLE_USER_SCRIPT_SANDBOXING = YES;
				GCC_C_LANGUAGE_STANDARD = gnu17;
				GCC_DYNAMIC_NO_PIC = NO;
				GCC_NO_COMMON_BLOCKS = YES;
				GCC_OPTIMIZATION_LEVEL = 0;
				GCC_PREPROCESSOR_DEFINITIONS = (
					"DEBUG=1",
					"$(inherited)",
				);
				GCC_WARN_64_TO_32_BIT_CONVERSION = YES;
				GCC_WARN_ABOUT_RETURN_TYPE = YES_ERROR;
				GCC_WARN_UNDECLARED_SELECTOR = YES;
				GCC_WARN_UNINITIALIZED_AUTOS = YES_AGGRESSIVE;
				GCC_WARN_UNUSED_FUNCTION = YES;
				GCC_WARN_UNUSED_VARIABLE = YES;
				LOCALIZATION_PREFERS_STRING_CATALOGS = YES;
				MACOSX_DEPLOYMENT_TARGET = 14.0;
				MTL_ENABLE_DEBUG_INFO = INCLUDE_SOURCE;
				MTL_FAST_MATH = YES;
				ONLY_ACTIVE_ARCH = YES;
				SDKROOT = macosx;
				SWIFT_ACTIVE_COMPILATION_CONDITIONS = "DEBUG $(inherited)";
				SWIFT_OPTIMIZATION_LEVEL = "-Onone";
			};
			name = Debug;
		};
		04FC2FEE2C810B40005913F4 /* Release */ = {
			isa = XCBuildConfiguration;
			buildSettings = {
				ALWAYS_SEARCH_USER_PATHS = NO;
				ASSETCATALOG_COMPILER_GENERATE_SWIFT_ASSET_SYMBOL_EXTENSIONS = YES;
				CLANG_ANALYZER_NONNULL = YES;
				CLANG_ANALYZER_NUMBER_OBJECT_CONVERSION = YES_AGGRESSIVE;
				CLANG_CXX_LANGUAGE_STANDARD = "gnu++20";
				CLANG_ENABLE_MODULES = YES;
				CLANG_ENABLE_OBJC_ARC = YES;
				CLANG_ENABLE_OBJC_WEAK = YES;
				CLANG_WARN_BLOCK_CAPTURE_AUTORELEASING = YES;
				CLANG_WARN_BOOL_CONVERSION = YES;
				CLANG_WARN_COMMA = YES;
				CLANG_WARN_CONSTANT_CONVERSION = YES;
				CLANG_WARN_DEPRECATED_OBJC_IMPLEMENTATIONS = YES;
				CLANG_WARN_DIRECT_OBJC_ISA_USAGE = YES_ERROR;
				CLANG_WARN_DOCUMENTATION_COMMENTS = YES;
				CLANG_WARN_EMPTY_BODY = YES;
				CLANG_WARN_ENUM_CONVERSION = YES;
				CLANG_WARN_INFINITE_RECURSION = YES;
				CLANG_WARN_INT_CONVERSION = YES;
				CLANG_WARN_NON_LITERAL_NULL_CONVERSION = YES;
				CLANG_WARN_OBJC_IMPLICIT_RETAIN_SELF = YES;
				CLANG_WARN_OBJC_LITERAL_CONVERSION = YES;
				CLANG_WARN_OBJC_ROOT_CLASS = YES_ERROR;
				CLANG_WARN_QUOTED_INCLUDE_IN_FRAMEWORK_HEADER = YES;
				CLANG_WARN_RANGE_LOOP_ANALYSIS = YES;
				CLANG_WARN_STRICT_PROTOTYPES = YES;
				CLANG_WARN_SUSPICIOUS_MOVE = YES;
				CLANG_WARN_UNGUARDED_AVAILABILITY = YES_AGGRESSIVE;
				CLANG_WARN_UNREACHABLE_CODE = YES;
				CLANG_WARN__DUPLICATE_METHOD_MATCH = YES;
				COPY_PHASE_STRIP = NO;
				DEBUG_INFORMATION_FORMAT = "dwarf-with-dsym";
				ENABLE_NS_ASSERTIONS = NO;
				ENABLE_STRICT_OBJC_MSGSEND = YES;
				ENABLE_USER_SCRIPT_SANDBOXING = YES;
				GCC_C_LANGUAGE_STANDARD = gnu17;
				GCC_NO_COMMON_BLOCKS = YES;
				GCC_WARN_64_TO_32_BIT_CONVERSION = YES;
				GCC_WARN_ABOUT_RETURN_TYPE = YES_ERROR;
				GCC_WARN_UNDECLARED_SELECTOR = YES;
				GCC_WARN_UNINITIALIZED_AUTOS = YES_AGGRESSIVE;
				GCC_WARN_UNUSED_FUNCTION = YES;
				GCC_WARN_UNUSED_VARIABLE = YES;
				LOCALIZATION_PREFERS_STRING_CATALOGS = YES;
				MACOSX_DEPLOYMENT_TARGET = 14.0;
				MTL_ENABLE_DEBUG_INFO = NO;
				MTL_FAST_MATH = YES;
				SDKROOT = macosx;
				SWIFT_COMPILATION_MODE = wholemodule;
			};
			name = Release;
		};
		04FC2FF02C810B40005913F4 /* Debug */ = {
			isa = XCBuildConfiguration;
			buildSettings = {
				ASSETCATALOG_COMPILER_APPICON_NAME = AppIcon;
				ASSETCATALOG_COMPILER_GLOBAL_ACCENT_COLOR_NAME = AccentColor;
				CODE_SIGN_ENTITLEMENTS = FinalProject/FinalProject.entitlements;
				CODE_SIGN_STYLE = Automatic;
				COMBINE_HIDPI_IMAGES = YES;
				CURRENT_PROJECT_VERSION = 1;
				DEVELOPMENT_ASSET_PATHS = "\"FinalProject/Preview Content\"";
				ENABLE_PREVIEWS = YES;
				GENERATE_INFOPLIST_FILE = YES;
				INFOPLIST_FILE = FinalProject/Info.plist;
				INFOPLIST_KEY_NSHumanReadableCopyright = "";
				LD_RUNPATH_SEARCH_PATHS = (
					"$(inherited)",
					"@executable_path/../Frameworks",
				);
				MARKETING_VERSION = 1.0;
				PRODUCT_BUNDLE_IDENTIFIER = voidcode.FinalProject;
				PRODUCT_NAME = "$(TARGET_NAME)";
				SWIFT_EMIT_LOC_STRINGS = YES;
				SWIFT_VERSION = 5.0;
			};
			name = Debug;
		};
		04FC2FF12C810B40005913F4 /* Release */ = {
			isa = XCBuildConfiguration;
			buildSettings = {
				ASSETCATALOG_COMPILER_APPICON_NAME = AppIcon;
				ASSETCATALOG_COMPILER_GLOBAL_ACCENT_COLOR_NAME = AccentColor;
				CODE_SIGN_ENTITLEMENTS = FinalProject/FinalProject.entitlements;
				CODE_SIGN_STYLE = Automatic;
				COMBINE_HIDPI_IMAGES = YES;
				CURRENT_PROJECT_VERSION = 1;
				DEVELOPMENT_ASSET_PATHS = "\"FinalProject/Preview Content\"";
				ENABLE_PREVIEWS = YES;
				GENERATE_INFOPLIST_FILE = YES;
				INFOPLIST_FILE = FinalProject/Info.plist;
				INFOPLIST_KEY_NSHumanReadableCopyright = "";
				LD_RUNPATH_SEARCH_PATHS = (
					"$(inherited)",
					"@executable_path/../Frameworks",
				);
				MARKETING_VERSION = 1.0;
				PRODUCT_BUNDLE_IDENTIFIER = voidcode.FinalProject;
				PRODUCT_NAME = "$(TARGET_NAME)";
				SWIFT_EMIT_LOC_STRINGS = YES;
				SWIFT_VERSION = 5.0;
			};
			name = Release;
		};
		04FC2FF32C810B40005913F4 /* Debug */ = {
			isa = XCBuildConfiguration;
			buildSettings = {
				ALWAYS_EMBED_SWIFT_STANDARD_LIBRARIES = YES;
				BUNDLE_LOADER = "$(TEST_HOST)";
				CODE_SIGN_STYLE = Automatic;
				CURRENT_PROJECT_VERSION = 1;
				GENERATE_INFOPLIST_FILE = YES;
				MACOSX_DEPLOYMENT_TARGET = 14.0;
				MARKETING_VERSION = 1.0;
				PRODUCT_BUNDLE_IDENTIFIER = voidcode.FinalProjectTests;
				PRODUCT_NAME = "$(TARGET_NAME)";
				SWIFT_EMIT_LOC_STRINGS = NO;
				SWIFT_VERSION = 5.0;
				TEST_HOST = "$(BUILT_PRODUCTS_DIR)/FinalProject.app/$(BUNDLE_EXECUTABLE_FOLDER_PATH)/FinalProject";
			};
			name = Debug;
		};
		04FC2FF42C810B40005913F4 /* Release */ = {
			isa = XCBuildConfiguration;
			buildSettings = {
				ALWAYS_EMBED_SWIFT_STANDARD_LIBRARIES = YES;
				BUNDLE_LOADER = "$(TEST_HOST)";
				CODE_SIGN_STYLE = Automatic;
				CURRENT_PROJECT_VERSION = 1;
				GENERATE_INFOPLIST_FILE = YES;
				MACOSX_DEPLOYMENT_TARGET = 14.0;
				MARKETING_VERSION = 1.0;
				PRODUCT_BUNDLE_IDENTIFIER = voidcode.FinalProjectTests;
				PRODUCT_NAME = "$(TARGET_NAME)";
				SWIFT_EMIT_LOC_STRINGS = NO;
				SWIFT_VERSION = 5.0;
				TEST_HOST = "$(BUILT_PRODUCTS_DIR)/FinalProject.app/$(BUNDLE_EXECUTABLE_FOLDER_PATH)/FinalProject";
			};
			name = Release;
		};
		04FC2FF62C810B40005913F4 /* Debug */ = {
			isa = XCBuildConfiguration;
			buildSettings = {
				ALWAYS_EMBED_SWIFT_STANDARD_LIBRARIES = YES;
				CODE_SIGN_STYLE = Automatic;
				CURRENT_PROJECT_VERSION = 1;
				GENERATE_INFOPLIST_FILE = YES;
				MARKETING_VERSION = 1.0;
				PRODUCT_BUNDLE_IDENTIFIER = voidcode.FinalProjectUITests;
				PRODUCT_NAME = "$(TARGET_NAME)";
				SWIFT_EMIT_LOC_STRINGS = NO;
				SWIFT_VERSION = 5.0;
				TEST_TARGET_NAME = FinalProject;
			};
			name = Debug;
		};
		04FC2FF72C810B40005913F4 /* Release */ = {
			isa = XCBuildConfiguration;
			buildSettings = {
				ALWAYS_EMBED_SWIFT_STANDARD_LIBRARIES = YES;
				CODE_SIGN_STYLE = Automatic;
				CURRENT_PROJECT_VERSION = 1;
				GENERATE_INFOPLIST_FILE = YES;
				MARKETING_VERSION = 1.0;
				PRODUCT_BUNDLE_IDENTIFIER = voidcode.FinalProjectUITests;
				PRODUCT_NAME = "$(TARGET_NAME)";
				SWIFT_EMIT_LOC_STRINGS = NO;
				SWIFT_VERSION = 5.0;
				TEST_TARGET_NAME = FinalProject;
			};
			name = Release;
		};
/* End XCBuildConfiguration section */

/* Begin XCConfigurationList section */
		04FC2FC52C810B3F005913F4 /* Build configuration list for PBXProject "FinalProject" */ = {
			isa = XCConfigurationList;
			buildConfigurations = (
				04FC2FED2C810B40005913F4 /* Debug */,
				04FC2FEE2C810B40005913F4 /* Release */,
			);
			defaultConfigurationIsVisible = 0;
			defaultConfigurationName = Release;
		};
		04FC2FEF2C810B40005913F4 /* Build configuration list for PBXNativeTarget "FinalProject" */ = {
			isa = XCConfigurationList;
			buildConfigurations = (
				04FC2FF02C810B40005913F4 /* Debug */,
				04FC2FF12C810B40005913F4 /* Release */,
			);
			defaultConfigurationIsVisible = 0;
			defaultConfigurationName = Release;
		};
		04FC2FF22C810B40005913F4 /* Build configuration list for PBXNativeTarget "FinalProjectTests" */ = {
			isa = XCConfigurationList;
			buildConfigurations = (
				04FC2FF32C810B40005913F4 /* Debug */,
				04FC2FF42C810B40005913F4 /* Release */,
			);
			defaultConfigurationIsVisible = 0;
			defaultConfigurationName = Release;
		};
		04FC2FF52C810B40005913F4 /* Build configuration list for PBXNativeTarget "FinalProjectUITests" */ = {
			isa = XCConfigurationList;
			buildConfigurations = (
				04FC2FF62C810B40005913F4 /* Debug */,
				04FC2FF72C810B40005913F4 /* Release */,
			);
			defaultConfigurationIsVisible = 0;
			defaultConfigurationName = Release;
		};
/* End XCConfigurationList section */
	};
	rootObject = 04FC2FC22C810B3F005913F4 /* Project object */;
}
